
Microsoft Visual Studio Solution File, Format Version 12.00
# Visual Studio 15
VisualStudioVersion = 15.0.28307.421
MinimumVisualStudioVersion = 10.0.40219.1
Project("{FAE04EC0-301F-11D3-BF4B-00C04F79EFBC}") = "Polymorhism1", "Polymorhism1\Polymorhism1.csproj", "{C54D4311-D88C-45EB-8CC2-C7D051637FA1}"
EndProject
Global
	GlobalSection(SolutionConfigurationPlatforms) = preSolution
		Debug|Any CPU = Debug|Any CPU
		Release|Any CPU = Release|Any CPU
	EndGlobalSection
	GlobalSection(ProjectConfigurationPlatforms) = postSolution
		{C54D4311-D88C-45EB-8CC2-C7D051637FA1}.Debug|Any CPU.ActiveCfg = Debug|Any CPU
		{C54D4311-D88C-45EB-8CC2-C7D051637FA1}.Debug|Any CPU.Build.0 = Debug|Any CPU
		{C54D4311-D88C-45EB-8CC2-C7D051637FA1}.Release|Any CPU.ActiveCfg = Release|Any CPU
		{C54D4311-D88C-45EB-8CC2-C7D051637FA1}.Release|Any CPU.Build.0 = Release|Any CPU
	EndGlobalSection
	GlobalSection(SolutionProperties) = preSolution
		HideSolutionNode = FALSE
	EndGlobalSection
	GlobalSection(ExtensibilityGlobals) = postSolution
		SolutionGuid = {2EE7908B-C3A8-468C-934A-1DD2C2B121ED}
	EndGlobalSection
EndGlobal
